
Microsoft Visual Studio Solution File, Format Version 12.00
# Visual Studio Version 17
VisualStudioVersion = 17.13.35825.156
MinimumVisualStudioVersion = 10.0.40219.1
Project("{FAE04EC0-301F-11D3-BF4B-00C04F79EFBC}") = "Bitra", "Bitra\Bitra.csproj", "{3B440C0C-384B-43D9-B7B8-E3C405E6D57A}"
EndProject
Project("{FAE04EC0-301F-11D3-BF4B-00C04F79EFBC}") = "Entity", "Entity\Entity.csproj", "{CF7D2106-EE66-4592-A1E6-801648EC1AE6}"
EndProject
Project("{FAE04EC0-301F-11D3-BF4B-00C04F79EFBC}") = "Repository", "Repository\Repository.csproj", "{658FFD7B-6E18-42B9-B6E2-36FE4AEE9C82}"
EndProject
Project("{FAE04EC0-301F-11D3-BF4B-00C04F79EFBC}") = "Business", "Business\Business.csproj", "{090A744D-E075-4C71-B4CF-BA9517B6CF0B}"
EndProject
Global
	GlobalSection(SolutionConfigurationPlatforms) = preSolution
		Debug|Any CPU = Debug|Any CPU
		Release|Any CPU = Release|Any CPU
	EndGlobalSection
	GlobalSection(ProjectConfigurationPlatforms) = postSolution
		{3B440C0C-384B-43D9-B7B8-E3C405E6D57A}.Debug|Any CPU.ActiveCfg = Debug|Any CPU
		{3B440C0C-384B-43D9-B7B8-E3C405E6D57A}.Debug|Any CPU.Build.0 = Debug|Any CPU
		{3B440C0C-384B-43D9-B7B8-E3C405E6D57A}.Release|Any CPU.ActiveCfg = Release|Any CPU
		{3B440C0C-384B-43D9-B7B8-E3C405E6D57A}.Release|Any CPU.Build.0 = Release|Any CPU
		{CF7D2106-EE66-4592-A1E6-801648EC1AE6}.Debug|Any CPU.ActiveCfg = Debug|Any CPU
		{CF7D2106-EE66-4592-A1E6-801648EC1AE6}.Debug|Any CPU.Build.0 = Debug|Any CPU
		{CF7D2106-EE66-4592-A1E6-801648EC1AE6}.Release|Any CPU.ActiveCfg = Release|Any CPU
		{CF7D2106-EE66-4592-A1E6-801648EC1AE6}.Release|Any CPU.Build.0 = Release|Any CPU
		{658FFD7B-6E18-42B9-B6E2-36FE4AEE9C82}.Debug|Any CPU.ActiveCfg = Debug|Any CPU
		{658FFD7B-6E18-42B9-B6E2-36FE4AEE9C82}.Debug|Any CPU.Build.0 = Debug|Any CPU
		{658FFD7B-6E18-42B9-B6E2-36FE4AEE9C82}.Release|Any CPU.ActiveCfg = Release|Any CPU
		{658FFD7B-6E18-42B9-B6E2-36FE4AEE9C82}.Release|Any CPU.Build.0 = Release|Any CPU
		{090A744D-E075-4C71-B4CF-BA9517B6CF0B}.Debug|Any CPU.ActiveCfg = Debug|Any CPU
		{090A744D-E075-4C71-B4CF-BA9517B6CF0B}.Debug|Any CPU.Build.0 = Debug|Any CPU
		{090A744D-E075-4C71-B4CF-BA9517B6CF0B}.Release|Any CPU.ActiveCfg = Release|Any CPU
		{090A744D-E075-4C71-B4CF-BA9517B6CF0B}.Release|Any CPU.Build.0 = Release|Any CPU
	EndGlobalSection
	GlobalSection(SolutionProperties) = preSolution
		HideSolutionNode = FALSE
	EndGlobalSection
	GlobalSection(ExtensibilityGlobals) = postSolution
		SolutionGuid = {05E3B2B7-C643-4C53-BF55-7AD862B14717}
	EndGlobalSection
EndGlobal
